{
  "version": 4,
  "terraform_version": "1.14.3",
  "serial": 5,
  "lineage": "3dde4469-fe96-9b98-f893-2ce83a738f9e",
  "outputs": {},
  "resources": [
    {
      "mode": "data",
      "type": "aws_lambda_function",
      "name": "orders",
      "provider": "provider[\"registry.terraform.io/hashicorp/aws\"]",
      "instances": [
        {
          "schema_version": 0,
          "attributes": {
            "architectures": [
              "x86_64"
            ],
            "arn": "arn:aws:lambda:us-east-1:925149287564:function:myLambda",
            "code_sha256": "dQDTZ2MREfWT24NKwTjfLzjGhnZXeA2s92DS8FetzcA=",
            "code_signing_config_arn": "",
            "dead_letter_config": [],
            "description": "",
            "environment": [],
            "ephemeral_storage": [
              {
                "size": 512
              }
            ],
            "file_system_config": [],
            "function_name": "myLambda",
            "handler": "lambda_function.lambda_handler",
            "id": "myLambda",
            "image_uri": "",
            "invoke_arn": "arn:aws:apigateway:us-east-1:lambda:path/2015-03-31/functions/arn:aws:lambda:us-east-1:925149287564:function:myLambda/invocations",
            "kms_key_arn": "",
            "last_modified": "2026-02-20T04:44:43.000+0000",
            "layers": [],
            "logging_config": [
              {
                "application_log_level": "",
                "log_format": "Text",
                "log_group": "/aws/lambda/myLambda",
                "system_log_level": ""
              }
            ],
            "memory_size": 128,
            "qualified_arn": "arn:aws:lambda:us-east-1:925149287564:function:myLambda:$LATEST",
            "qualified_invoke_arn": "arn:aws:apigateway:us-east-1:lambda:path/2015-03-31/functions/arn:aws:lambda:us-east-1:925149287564:function:myLambda:$LATEST/invocations",
            "qualifier": null,
            "reserved_concurrent_executions": -1,
            "role": "arn:aws:iam::925149287564:role/service-role/myLambda-role-tpxalzz0",
            "runtime": "python3.14",
            "signing_job_arn": "",
            "signing_profile_version_arn": "",
            "source_code_hash": "dQDTZ2MREfWT24NKwTjfLzjGhnZXeA2s92DS8FetzcA=",
            "source_code_size": 418,
            "tags": {},
            "timeout": 3,
            "tracing_config": [
              {
                "mode": "PassThrough"
              }
            ],
            "version": "$LATEST",
            "vpc_config": []
          },
          "sensitive_attributes": [],
          "identity_schema_version": 0
        }
      ]
    },
    {
      "mode": "data",
      "type": "aws_ssm_parameter",
      "name": "orders_processor_name",
      "provider": "provider[\"registry.terraform.io/hashicorp/aws\"]",
      "instances": [
        {
          "schema_version": 0,
          "attributes": {
            "arn": "arn:aws:ssm:us-east-1:925149287564:parameter/dev/lambda/orders_processor_name",
            "id": "/dev/lambda/orders_processor_name",
            "insecure_value": "myLambda",
            "name": "/dev/lambda/orders_processor_name",
            "type": "String",
            "value": "myLambda",
            "version": 1,
            "with_decryption": false
          },
          "sensitive_attributes": [
            [
              {
                "type": "get_attr",
                "value": "value"
              }
            ]
          ],
          "identity_schema_version": 0
        }
      ]
    },
    {
      "module": "module.eventbridge_secure",
      "mode": "managed",
      "type": "aws_cloudwatch_event_bus",
      "name": "this",
      "provider": "provider[\"registry.terraform.io/hashicorp/aws\"]",
      "instances": [
        {
          "index_key": 0,
          "schema_version": 0,
          "attributes": {
            "arn": "arn:aws:events:us-east-1:925149287564:event-bus/app-events",
            "dead_letter_config": [],
            "description": "",
            "event_source_name": null,
            "id": "app-events",
            "kms_key_identifier": "",
            "name": "app-events",
            "tags": null,
            "tags_all": {}
          },
          "sensitive_attributes": [],
          "identity_schema_version": 0,
          "private": "bnVsbA=="
        }
      ]
    },
    {
      "module": "module.eventbridge_secure",
      "mode": "managed",
      "type": "aws_cloudwatch_event_rule",
      "name": "rules",
      "provider": "provider[\"registry.terraform.io/hashicorp/aws\"]",
      "instances": [
        {
          "index_key": "manual-test-rule",
          "schema_version": 1,
          "attributes": {
            "arn": "arn:aws:events:us-east-1:925149287564:rule/app-events/manual-test-rule",
            "description": "Rule to test manual events with minimal payload",
            "event_bus_name": "app-events",
            "event_pattern": "{\"detail-type\":[\"testEvent\"],\"source\":[\"my.test\"]}",
            "force_destroy": false,
            "id": "app-events/manual-test-rule",
            "is_enabled": true,
            "name": "manual-test-rule",
            "name_prefix": "",
            "role_arn": "",
            "schedule_expression": "",
            "state": "ENABLED",
            "tags": {
              "owner": "shiva",
              "project": "eventbridge-secure-test"
            },
            "tags_all": {
              "owner": "shiva",
              "project": "eventbridge-secure-test"
            }
          },
          "sensitive_attributes": [],
          "identity_schema_version": 0,
          "private": "eyJzY2hlbWFfdmVyc2lvbiI6IjEifQ==",
          "dependencies": [
            "data.aws_lambda_function.orders",
            "data.aws_ssm_parameter.orders_processor_name",
            "module.eventbridge_secure.aws_cloudwatch_event_bus.this"
          ]
        }
      ]
    },
    {
      "module": "module.eventbridge_secure",
      "mode": "managed",
      "type": "aws_cloudwatch_event_target",
      "name": "targets",
      "provider": "provider[\"registry.terraform.io/hashicorp/aws\"]",
      "instances": [
        {
          "index_key": "manual-test-rule-orders-lambda",
          "schema_version": 1,
          "attributes": {
            "appsync_target": [],
            "arn": "arn:aws:lambda:us-east-1:925149287564:function:myLambda",
            "batch_target": [],
            "dead_letter_config": [],
            "ecs_target": [],
            "event_bus_name": "app-events",
            "force_destroy": false,
            "http_target": [],
            "id": "app-events-manual-test-rule-orders-lambda",
            "input": "",
            "input_path": "",
            "input_transformer": [
              {
                "input_paths": {
                  "id": "$.id",
                  "msg": "$.detail.message"
                },
                "input_template": "{\"message\": \u003cmsg\u003e, \"requestId\": \u003cid\u003e}"
              }
            ],
            "kinesis_target": [],
            "redshift_target": [],
            "retry_policy": [
              {
                "maximum_event_age_in_seconds": 3600,
                "maximum_retry_attempts": 2
              }
            ],
            "role_arn": "",
            "rule": "manual-test-rule",
            "run_command_targets": [],
            "sagemaker_pipeline_target": [],
            "sqs_target": [],
            "target_id": "orders-lambda"
          },
          "sensitive_attributes": [],
          "identity_schema_version": 0,
          "private": "eyJzY2hlbWFfdmVyc2lvbiI6IjEifQ==",
          "dependencies": [
            "data.aws_lambda_function.orders",
            "data.aws_ssm_parameter.orders_processor_name",
            "module.eventbridge_secure.aws_cloudwatch_event_bus.this",
            "module.eventbridge_secure.aws_cloudwatch_event_rule.rules",
            "module.eventbridge_secure.data.aws_lambda_function.by_name"
          ]
        }
      ]
    },
    {
      "module": "module.eventbridge_secure",
      "mode": "managed",
      "type": "aws_lambda_permission",
      "name": "allow_events",
      "provider": "provider[\"registry.terraform.io/hashicorp/aws\"]",
      "instances": [
        {
          "index_key": "manual-test-rule-orders-lambda",
          "schema_version": 0,
          "attributes": {
            "action": "lambda:InvokeFunction",
            "event_source_token": null,
            "function_name": "arn:aws:lambda:us-east-1:925149287564:function:myLambda",
            "function_url_auth_type": null,
            "id": "AllowExecutionFromEventBridge-manual-test-rule-orders-lambda",
            "principal": "events.amazonaws.com",
            "principal_org_id": null,
            "qualifier": "",
            "source_account": null,
            "source_arn": "arn:aws:events:us-east-1:925149287564:rule/app-events/manual-test-rule",
            "statement_id": "AllowExecutionFromEventBridge-manual-test-rule-orders-lambda",
            "statement_id_prefix": ""
          },
          "sensitive_attributes": [],
          "identity_schema_version": 0,
          "private": "bnVsbA==",
          "dependencies": [
            "data.aws_lambda_function.orders",
            "data.aws_ssm_parameter.orders_processor_name",
            "module.eventbridge_secure.aws_cloudwatch_event_bus.this",
            "module.eventbridge_secure.aws_cloudwatch_event_rule.rules",
            "module.eventbridge_secure.data.aws_lambda_function.by_name"
          ]
        }
      ]
    }
  ],
  "check_results": null
}
